// !$*UTF8*$!
{
	archiveVersion = 1;
	classes = {
	};
	objectVersion = 55;
	objects = {

/* Begin PBXBuildFile section */
		D7F7157E2866C0C3005D5527 /* AppDelegate.swift in Sources */ = {isa = PBXBuildFile; fileRef = D7F7157D2866C0C3005D5527 /* AppDelegate.swift */; };
		D7F715802866C0C3005D5527 /* SceneDelegate.swift in Sources */ = {isa = PBXBuildFile; fileRef = D7F7157F2866C0C3005D5527 /* SceneDelegate.swift */; };
		D7F715822866C0C3005D5527 /* ViewController.swift in Sources */ = {isa = PBXBuildFile; fileRef = D7F715812866C0C3005D5527 /* ViewController.swift */; };
		D7F715852866C0C3005D5527 /* Main.storyboard in Resources */ = {isa = PBXBuildFile; fileRef = D7F715832866C0C3005D5527 /* Main.storyboard */; };
		D7F715882866C0C3005D5527 /* newsletter_ios.xcdatamodeld in Sources */ = {isa = PBXBuildFile; fileRef = D7F715862866C0C3005D5527 /* newsletter_ios.xcdatamodeld */; };
		D7F7158A2866C0C6005D5527 /* Assets.xcassets in Resources */ = {isa = PBXBuildFile; fileRef = D7F715892866C0C6005D5527 /* Assets.xcassets */; };
		D7F7158D2866C0C6005D5527 /* LaunchScreen.storyboard in Resources */ = {isa = PBXBuildFile; fileRef = D7F7158B2866C0C6005D5527 /* LaunchScreen.storyboard */; };
		D7F715982866C0C6005D5527 /* newsletter_iosTests.swift in Sources */ = {isa = PBXBuildFile; fileRef = D7F715972866C0C6005D5527 /* newsletter_iosTests.swift */; };
		D7F715A22866C0C6005D5527 /* newsletter_iosUITests.swift in Sources */ = {isa = PBXBuildFile; fileRef = D7F715A12866C0C6005D5527 /* newsletter_iosUITests.swift */; };
		D7F715A42866C0C6005D5527 /* newsletter_iosUITestsLaunchTests.swift in Sources */ = {isa = PBXBuildFile; fileRef = D7F715A32866C0C6005D5527 /* newsletter_iosUITestsLaunchTests.swift */; };
/* End PBXBuildFile section */

/* Begin PBXContainerItemProxy section */
		D7F715942866C0C6005D5527 /* PBXContainerItemProxy */ = {
			isa = PBXContainerItemProxy;
			containerPortal = D7F715722866C0C3005D5527 /* Project object */;
			proxyType = 1;
			remoteGlobalIDString = D7F715792866C0C3005D5527;
			remoteInfo = "newsletter-ios";
		};
		D7F7159E2866C0C6005D5527 /* PBXContainerItemProxy */ = {
			isa = PBXContainerItemProxy;
			containerPortal = D7F715722866C0C3005D5527 /* Project object */;
			proxyType = 1;
			remoteGlobalIDString = D7F715792866C0C3005D5527;
			remoteInfo = "newsletter-ios";
		};
/* End PBXContainerItemProxy section */

/* Begin PBXFileReference section */
		D7F7157A2866C0C3005D5527 /* newsletter-ios.app */ = {isa = PBXFileReference; explicitFileType = wrapper.application; includeInIndex = 0; path = "newsletter-ios.app"; sourceTree = BUILT_PRODUCTS_DIR; };
		D7F7157D2866C0C3005D5527 /* AppDelegate.swift */ = {isa = PBXFileReference; lastKnownFileType = sourcecode.swift; path = AppDelegate.swift; sourceTree = "<group>"; };
		D7F7157F2866C0C3005D5527 /* SceneDelegate.swift */ = {isa = PBXFileReference; lastKnownFileType = sourcecode.swift; path = SceneDelegate.swift; sourceTree = "<group>"; };
		D7F715812866C0C3005D5527 /* ViewController.swift */ = {isa = PBXFileReference; lastKnownFileType = sourcecode.swift; path = ViewController.swift; sourceTree = "<group>"; };
		D7F715842866C0C3005D5527 /* Base */ = {isa = PBXFileReference; lastKnownFileType = file.storyboard; name = Base; path = Base.lproj/Main.storyboard; sourceTree = "<group>"; };
		D7F715872866C0C3005D5527 /* newsletter_ios.xcdatamodel */ = {isa = PBXFileReference; lastKnownFileType = wrapper.xcdatamodel; path = newsletter_ios.xcdatamodel; sourceTree = "<group>"; };
		D7F715892866C0C6005D5527 /* Assets.xcassets */ = {isa = PBXFileReference; lastKnownFileType = folder.assetcatalog; path = Assets.xcassets; sourceTree = "<group>"; };
		D7F7158C2866C0C6005D5527 /* Base */ = {isa = PBXFileReference; lastKnownFileType = file.storyboard; name = Base; path = Base.lproj/LaunchScreen.storyboard; sourceTree = "<group>"; };
		D7F7158E2866C0C6005D5527 /* Info.plist */ = {isa = PBXFileReference; lastKnownFileType = text.plist.xml; path = Info.plist; sourceTree = "<group>"; };
		D7F715932866C0C6005D5527 /* newsletter-iosTests.xctest */ = {isa = PBXFileReference; explicitFileType = wrapper.cfbundle; includeInIndex = 0; path = "newsletter-iosTests.xctest"; sourceTree = BUILT_PRODUCTS_DIR; };
		D7F715972866C0C6005D5527 /* newsletter_iosTests.swift */ = {isa = PBXFileReference; lastKnownFileType = sourcecode.swift; path = newsletter_iosTests.swift; sourceTree = "<group>"; };
		D7F7159D2866C0C6005D5527 /* newsletter-iosUITests.xctest */ = {isa = PBXFileReference; explicitFileType = wrapper.cfbundle; includeInIndex = 0; path = "newsletter-iosUITests.xctest"; sourceTree = BUILT_PRODUCTS_DIR; };
		D7F715A12866C0C6005D5527 /* newsletter_iosUITests.swift */ = {isa = PBXFileReference; lastKnownFileType = sourcecode.swift; path = newsletter_iosUITests.swift; sourceTree = "<group>"; };
		D7F715A32866C0C6005D5527 /* newsletter_iosUITestsLaunchTests.swift */ = {isa = PBXFileReference; lastKnownFileType = sourcecode.swift; path = newsletter_iosUITestsLaunchTests.swift; sourceTree = "<group>"; };
/* End PBXFileReference section */

/* Begin PBXFrameworksBuildPhase section */
		D7F715772866C0C3005D5527 /* Frameworks */ = {
			isa = PBXFrameworksBuildPhase;
			buildActionMask = 2147483647;
			files = (
			);
			runOnlyForDeploymentPostprocessing = 0;
		};
		D7F715902866C0C6005D5527 /* Frameworks */ = {
			isa = PBXFrameworksBuildPhase;
			buildActionMask = 2147483647;
			files = (
			);
			runOnlyForDeploymentPostprocessing = 0;
		};
		D7F7159A2866C0C6005D5527 /* Frameworks */ = {
			isa = PBXFrameworksBuildPhase;
			buildActionMask = 2147483647;
			files = (
			);
			runOnlyForDeploymentPostprocessing = 0;
		};
/* End PBXFrameworksBuildPhase section */

/* Begin PBXGroup section */
		D7F715712866C0C3005D5527 = {
			isa = PBXGroup;
			children = (
				D7F7157C2866C0C3005D5527 /* newsletter-ios */,
				D7F715962866C0C6005D5527 /* newsletter-iosTests */,
				D7F715A02866C0C6005D5527 /* newsletter-iosUITests */,
				D7F7157B2866C0C3005D5527 /* Products */,
			);
			sourceTree = "<group>";
		};
		D7F7157B2866C0C3005D5527 /* Products */ = {
			isa = PBXGroup;
			children = (
				D7F7157A2866C0C3005D5527 /* newsletter-ios.app */,
				D7F715932866C0C6005D5527 /* newsletter-iosTests.xctest */,
				D7F7159D2866C0C6005D5527 /* newsletter-iosUITests.xctest */,
			);
			name = Products;
			sourceTree = "<group>";
		};
		D7F7157C2866C0C3005D5527 /* newsletter-ios */ = {
			isa = PBXGroup;
			children = (
				D7F7157D2866C0C3005D5527 /* AppDelegate.swift */,
				D7F7157F2866C0C3005D5527 /* SceneDelegate.swift */,
				D7F715812866C0C3005D5527 /* ViewController.swift */,
				D7F715832866C0C3005D5527 /* Main.storyboard */,
				D7F715892866C0C6005D5527 /* Assets.xcassets */,
				D7F7158B2866C0C6005D5527 /* LaunchScreen.storyboard */,
				D7F7158E2866C0C6005D5527 /* Info.plist */,
				D7F715862866C0C3005D5527 /* newsletter_ios.xcdatamodeld */,
			);
			path = "newsletter-ios";
			sourceTree = "<group>";
		};
		D7F715962866C0C6005D5527 /* newsletter-iosTests */ = {
			isa = PBXGroup;
			children = (
				D7F715972866C0C6005D5527 /* newsletter_iosTests.swift */,
			);
			path = "newsletter-iosTests";
			sourceTree = "<group>";
		};
		D7F715A02866C0C6005D5527 /* newsletter-iosUITests */ = {
			isa = PBXGroup;
			children = (
				D7F715A12866C0C6005D5527 /* newsletter_iosUITests.swift */,
				D7F715A32866C0C6005D5527 /* newsletter_iosUITestsLaunchTests.swift */,
			);
			path = "newsletter-iosUITests";
			sourceTree = "<group>";
		};
/* End PBXGroup section */

/* Begin PBXNativeTarget section */
		D7F715792866C0C3005D5527 /* newsletter-ios */ = {
			isa = PBXNativeTarget;
			buildConfigurationList = D7F715A72866C0C6005D5527 /* Build configuration list for PBXNativeTarget "newsletter-ios" */;
			buildPhases = (
				D7F715762866C0C3005D5527 /* Sources */,
				D7F715772866C0C3005D5527 /* Frameworks */,
				D7F715782866C0C3005D5527 /* Resources */,
			);
			buildRules = (
			);
			dependencies = (
			);
			name = "newsletter-ios";
			productName = "newsletter-ios";
			productReference = D7F7157A2866C0C3005D5527 /* newsletter-ios.app */;
			productType = "com.apple.product-type.application";
		};
		D7F715922866C0C6005D5527 /* newsletter-iosTests */ = {
			isa = PBXNativeTarget;
			buildConfigurationList = D7F715AA2866C0C6005D5527 /* Build configuration list for PBXNativeTarget "newsletter-iosTests" */;
			buildPhases = (
				D7F7158F2866C0C6005D5527 /* Sources */,
				D7F715902866C0C6005D5527 /* Frameworks */,
				D7F715912866C0C6005D5527 /* Resources */,
			);
			buildRules = (
			);
			dependencies = (
				D7F715952866C0C6005D5527 /* PBXTargetDependency */,
			);
			name = "newsletter-iosTests";
			productName = "newsletter-iosTests";
			productReference = D7F715932866C0C6005D5527 /* newsletter-iosTests.xctest */;
			productType = "com.apple.product-type.bundle.unit-test";
		};
		D7F7159C2866C0C6005D5527 /* newsletter-iosUITests */ = {
			isa = PBXNativeTarget;
			buildConfigurationList = D7F715AD2866C0C6005D5527 /* Build configuration list for PBXNativeTarget "newsletter-iosUITests" */;
			buildPhases = (
				D7F715992866C0C6005D5527 /* Sources */,
				D7F7159A2866C0C6005D5527 /* Frameworks */,
				D7F7159B2866C0C6005D5527 /* Resources */,
			);
			buildRules = (
			);
			dependencies = (
				D7F7159F2866C0C6005D5527 /* PBXTargetDependency */,
			);
			name = "newsletter-iosUITests";
			productName = "newsletter-iosUITests";
			productReference = D7F7159D2866C0C6005D5527 /* newsletter-iosUITests.xctest */;
			productType = "com.apple.product-type.bundle.ui-testing";
		};
/* End PBXNativeTarget section */

/* Begin PBXProject section */
		D7F715722866C0C3005D5527 /* Project object */ = {
			isa = PBXProject;
			attributes = {
				BuildIndependentTargetsInParallel = 1;
				LastSwiftUpdateCheck = 1330;
				LastUpgradeCheck = 1330;
				TargetAttributes = {
					D7F715792866C0C3005D5527 = {
						CreatedOnToolsVersion = 13.3.1;
					};
					D7F715922866C0C6005D5527 = {
						CreatedOnToolsVersion = 13.3.1;
						TestTargetID = D7F715792866C0C3005D5527;
					};
					D7F7159C2866C0C6005D5527 = {
						CreatedOnToolsVersion = 13.3.1;
						TestTargetID = D7F715792866C0C3005D5527;
					};
				};
			};
			buildConfigurationList = D7F715752866C0C3005D5527 /* Build configuration list for PBXProject "newsletter-ios" */;
			compatibilityVersion = "Xcode 13.0";
			developmentRegion = en;
			hasScannedForEncodings = 0;
			knownRegions = (
				en,
				Base,
			);
			mainGroup = D7F715712866C0C3005D5527;
			productRefGroup = D7F7157B2866C0C3005D5527 /* Products */;
			projectDirPath = "";
			projectRoot = "";
			targets = (
				D7F715792866C0C3005D5527 /* newsletter-ios */,
				D7F715922866C0C6005D5527 /* newsletter-iosTests */,
				D7F7159C2866C0C6005D5527 /* newsletter-iosUITests */,
			);
		};
/* End PBXProject section */

/* Begin PBXResourcesBuildPhase section */
		D7F715782866C0C3005D5527 /* Resources */ = {
			isa = PBXResourcesBuildPhase;
			buildActionMask = 2147483647;
			files = (
				D7F7158D2866C0C6005D5527 /* LaunchScreen.storyboard in Resources */,
				D7F7158A2866C0C6005D5527 /* Assets.xcassets in Resources */,
				D7F715852866C0C3005D5527 /* Main.storyboard in Resources */,
			);
			runOnlyForDeploymentPostprocessing = 0;
		};
		D7F715912866C0C6005D5527 /* Resources */ = {
			isa = PBXResourcesBuildPhase;
			buildActionMask = 2147483647;
			files = (
			);
			runOnlyForDeploymentPostprocessing = 0;
		};
		D7F7159B2866C0C6005D5527 /* Resources */ = {
			isa = PBXResourcesBuildPhase;
			buildActionMask = 2147483647;
			files = (
			);
			runOnlyForDeploymentPostprocessing = 0;
		};
/* End PBXResourcesBuildPhase section */

/* Begin PBXSourcesBuildPhase section */
		D7F715762866C0C3005D5527 /* Sources */ = {
			isa = PBXSourcesBuildPhase;
			buildActionMask = 2147483647;
			files = (
				D7F715822866C0C3005D5527 /* ViewController.swift in Sources */,
				D7F7157E2866C0C3005D5527 /* AppDelegate.swift in Sources */,
				D7F715882866C0C3005D5527 /* newsletter_ios.xcdatamodeld in Sources */,
				D7F715802866C0C3005D5527 /* SceneDelegate.swift in Sources */,
			);
			runOnlyForDeploymentPostprocessing = 0;
		};
		D7F7158F2866C0C6005D5527 /* Sources */ = {
			isa = PBXSourcesBuildPhase;
			buildActionMask = 2147483647;
			files = (
				D7F715982866C0C6005D5527 /* newsletter_iosTests.swift in Sources */,
			);
			runOnlyForDeploymentPostprocessing = 0;
		};
		D7F715992866C0C6005D5527 /* Sources */ = {
			isa = PBXSourcesBuildPhase;
			buildActionMask = 2147483647;
			files = (
				D7F715A22866C0C6005D5527 /* newsletter_iosUITests.swift in Sources */,
				D7F715A42866C0C6005D5527 /* newsletter_iosUITestsLaunchTests.swift in Sources */,
			);
			runOnlyForDeploymentPostprocessing = 0;
		};
/* End PBXSourcesBuildPhase section */

/* Begin PBXTargetDependency section */
		D7F715952866C0C6005D5527 /* PBXTargetDependency */ = {
			isa = PBXTargetDependency;
			target = D7F715792866C0C3005D5527 /* newsletter-ios */;
			targetProxy = D7F715942866C0C6005D5527 /* PBXContainerItemProxy */;
		};
		D7F7159F2866C0C6005D5527 /* PBXTargetDependency */ = {
			isa = PBXTargetDependency;
			target = D7F715792866C0C3005D5527 /* newsletter-ios */;
			targetProxy = D7F7159E2866C0C6005D5527 /* PBXContainerItemProxy */;
		};
/* End PBXTargetDependency section */

/* Begin PBXVariantGroup section */
		D7F715832866C0C3005D5527 /* Main.storyboard */ = {
			isa = PBXVariantGroup;
			children = (
				D7F715842866C0C3005D5527 /* Base */,
			);
			name = Main.storyboard;
			sourceTree = "<group>";
		};
		D7F7158B2866C0C6005D5527 /* LaunchScreen.storyboard */ = {
			isa = PBXVariantGroup;
			children = (
				D7F7158C2866C0C6005D5527 /* Base */,
			);
			name = LaunchScreen.storyboard;
			sourceTree = "<group>";
		};
/* End PBXVariantGroup section */

/* Begin XCBuildConfiguration section */
		D7F715A52866C0C6005D5527 /* Debug */ = {
			isa = XCBuildConfiguration;
			buildSettings = {
				ALWAYS_SEARCH_USER_PATHS = NO;
				CLANG_ANALYZER_NONNULL = YES;
				CLANG_ANALYZER_NUMBER_OBJECT_CONVERSION = YES_AGGRESSIVE;
				CLANG_CXX_LANGUAGE_STANDARD = "gnu++17";
				CLANG_ENABLE_MODULES = YES;
				CLANG_ENABLE_OBJC_ARC = YES;
				CLANG_ENABLE_OBJC_WEAK = YES;
				CLANG_WARN_BLOCK_CAPTURE_AUTORELEASING = YES;
				CLANG_WARN_BOOL_CONVERSION = YES;
				CLANG_WARN_COMMA = YES;
				CLANG_WARN_CONSTANT_CONVERSION = YES;
				CLANG_WARN_DEPRECATED_OBJC_IMPLEMENTATIONS = YES;
				CLANG_WARN_DIRECT_OBJC_ISA_USAGE = YES_ERROR;
				CLANG_WARN_DOCUMENTATION_COMMENTS = YES;
				CLANG_WARN_EMPTY_BODY = YES;
				CLANG_WARN_ENUM_CONVERSION = YES;
				CLANG_WARN_INFINITE_RECURSION = YES;
				CLANG_WARN_INT_CONVERSION = YES;
				CLANG_WARN_NON_LITERAL_NULL_CONVERSION = YES;
				CLANG_WARN_OBJC_IMPLICIT_RETAIN_SELF = YES;
				CLANG_WARN_OBJC_LITERAL_CONVERSION = YES;
				CLANG_WARN_OBJC_ROOT_CLASS = YES_ERROR;
				CLANG_WARN_QUOTED_INCLUDE_IN_FRAMEWORK_HEADER = YES;
				CLANG_WARN_RANGE_LOOP_ANALYSIS = YES;
				CLANG_WARN_STRICT_PROTOTYPES = YES;
				CLANG_WARN_SUSPICIOUS_MOVE = YES;
				CLANG_WARN_UNGUARDED_AVAILABILITY = YES_AGGRESSIVE;
				CLANG_WARN_UNREACHABLE_CODE = YES;
				CLANG_WARN__DUPLICATE_METHOD_MATCH = YES;
				COPY_PHASE_STRIP = NO;
				DEBUG_INFORMATION_FORMAT = dwarf;
				ENABLE_STRICT_OBJC_MSGSEND = YES;
				ENABLE_TESTABILITY = YES;
				GCC_C_LANGUAGE_STANDARD = gnu11;
				GCC_DYNAMIC_NO_PIC = NO;
				GCC_NO_COMMON_BLOCKS = YES;
				GCC_OPTIMIZATION_LEVEL = 0;
				GCC_PREPROCESSOR_DEFINITIONS = (
					"DEBUG=1",
					"$(inherited)",
				);
				GCC_WARN_64_TO_32_BIT_CONVERSION = YES;
				GCC_WARN_ABOUT_RETURN_TYPE = YES_ERROR;
				GCC_WARN_UNDECLARED_SELECTOR = YES;
				GCC_WARN_UNINITIALIZED_AUTOS = YES_AGGRESSIVE;
				GCC_WARN_UNUSED_FUNCTION = YES;
				GCC_WARN_UNUSED_VARIABLE = YES;
				IPHONEOS_DEPLOYMENT_TARGET = 15.4;
				MTL_ENABLE_DEBUG_INFO = INCLUDE_SOURCE;
				MTL_FAST_MATH = YES;
				ONLY_ACTIVE_ARCH = YES;
				SDKROOT = iphoneos;
				SWIFT_ACTIVE_COMPILATION_CONDITIONS = DEBUG;
				SWIFT_OPTIMIZATION_LEVEL = "-Onone";
			};
			name = Debug;
		};
		D7F715A62866C0C6005D5527 /* Release */ = {
			isa = XCBuildConfiguration;
			buildSettings = {
				ALWAYS_SEARCH_USER_PATHS = NO;
				CLANG_ANALYZER_NONNULL = YES;
				CLANG_ANALYZER_NUMBER_OBJECT_CONVERSION = YES_AGGRESSIVE;
				CLANG_CXX_LANGUAGE_STANDARD = "gnu++17";
				CLANG_ENABLE_MODULES = YES;
				CLANG_ENABLE_OBJC_ARC = YES;
				CLANG_ENABLE_OBJC_WEAK = YES;
				CLANG_WARN_BLOCK_CAPTURE_AUTORELEASING = YES;
				CLANG_WARN_BOOL_CONVERSION = YES;
				CLANG_WARN_COMMA = YES;
				CLANG_WARN_CONSTANT_CONVERSION = YES;
				CLANG_WARN_DEPRECATED_OBJC_IMPLEMENTATIONS = YES;
				CLANG_WARN_DIRECT_OBJC_ISA_USAGE = YES_ERROR;
				CLANG_WARN_DOCUMENTATION_COMMENTS = YES;
				CLANG_WARN_EMPTY_BODY = YES;
				CLANG_WARN_ENUM_CONVERSION = YES;
				CLANG_WARN_INFINITE_RECURSION = YES;
				CLANG_WARN_INT_CONVERSION = YES;
				CLANG_WARN_NON_LITERAL_NULL_CONVERSION = YES;
				CLANG_WARN_OBJC_IMPLICIT_RETAIN_SELF = YES;
				CLANG_WARN_OBJC_LITERAL_CONVERSION = YES;
				CLANG_WARN_OBJC_ROOT_CLASS = YES_ERROR;
				CLANG_WARN_QUOTED_INCLUDE_IN_FRAMEWORK_HEADER = YES;
				CLANG_WARN_RANGE_LOOP_ANALYSIS = YES;
				CLANG_WARN_STRICT_PROTOTYPES = YES;
				CLANG_WARN_SUSPICIOUS_MOVE = YES;
				CLANG_WARN_UNGUARDED_AVAILABILITY = YES_AGGRESSIVE;
				CLANG_WARN_UNREACHABLE_CODE = YES;
				CLANG_WARN__DUPLICATE_METHOD_MATCH = YES;
				COPY_PHASE_STRIP = NO;
				DEBUG_INFORMATION_FORMAT = "dwarf-with-dsym";
				ENABLE_NS_ASSERTIONS = NO;
				ENABLE_STRICT_OBJC_MSGSEND = YES;
				GCC_C_LANGUAGE_STANDARD = gnu11;
				GCC_NO_COMMON_BLOCKS = YES;
				GCC_WARN_64_TO_32_BIT_CONVERSION = YES;
				GCC_WARN_ABOUT_RETURN_TYPE = YES_ERROR;
				GCC_WARN_UNDECLARED_SELECTOR = YES;
				GCC_WARN_UNINITIALIZED_AUTOS = YES_AGGRESSIVE;
				GCC_WARN_UNUSED_FUNCTION = YES;
				GCC_WARN_UNUSED_VARIABLE = YES;
				IPHONEOS_DEPLOYMENT_TARGET = 15.4;
				MTL_ENABLE_DEBUG_INFO = NO;
				MTL_FAST_MATH = YES;
				SDKROOT = iphoneos;
				SWIFT_COMPILATION_MODE = wholemodule;
				SWIFT_OPTIMIZATION_LEVEL = "-O";
				VALIDATE_PRODUCT = YES;
			};
			name = Release;
		};
		D7F715A82866C0C6005D5527 /* Debug */ = {
			isa = XCBuildConfiguration;
			buildSettings = {
				ASSETCATALOG_COMPILER_APPICON_NAME = AppIcon;
				ASSETCATALOG_COMPILER_GLOBAL_ACCENT_COLOR_NAME = AccentColor;
				CODE_SIGN_STYLE = Automatic;
				CURRENT_PROJECT_VERSION = 1;
				GENERATE_INFOPLIST_FILE = YES;
				INFOPLIST_FILE = "newsletter-ios/Info.plist";
				INFOPLIST_KEY_UIApplicationSupportsIndirectInputEvents = YES;
				INFOPLIST_KEY_UILaunchStoryboardName = LaunchScreen;
				INFOPLIST_KEY_UIMainStoryboardFile = Main;
				INFOPLIST_KEY_UISupportedInterfaceOrientations_iPad = "UIInterfaceOrientationPortrait UIInterfaceOrientationPortraitUpsideDown UIInterfaceOrientationLandscapeLeft UIInterfaceOrientationLandscapeRight";
				INFOPLIST_KEY_UISupportedInterfaceOrientations_iPhone = "UIInterfaceOrientationPortrait UIInterfaceOrientationLandscapeLeft UIInterfaceOrientationLandscapeRight";
				LD_RUNPATH_SEARCH_PATHS = (
					"$(inherited)",
					"@executable_path/Frameworks",
				);
				MARKETING_VERSION = 1.0;
				PRODUCT_BUNDLE_IDENTIFIER = "com.luiszarg.newsletter-ios";
				PRODUCT_NAME = "$(TARGET_NAME)";
				SWIFT_EMIT_LOC_STRINGS = YES;
				SWIFT_VERSION = 5.0;
				TARGETED_DEVICE_FAMILY = "1,2";
			};
			name = Debug;
		};
		D7F715A92866C0C6005D5527 /* Release */ = {
			isa = XCBuildConfiguration;
			buildSettings = {
				ASSETCATALOG_COMPILER_APPICON_NAME = AppIcon;
				ASSETCATALOG_COMPILER_GLOBAL_ACCENT_COLOR_NAME = AccentColor;
				CODE_SIGN_STYLE = Automatic;
				CURRENT_PROJECT_VERSION = 1;
				GENERATE_INFOPLIST_FILE = YES;
				INFOPLIST_FILE = "newsletter-ios/Info.plist";
				INFOPLIST_KEY_UIApplicationSupportsIndirectInputEvents = YES;
				INFOPLIST_KEY_UILaunchStoryboardName = LaunchScreen;
				INFOPLIST_KEY_UIMainStoryboardFile = Main;
				INFOPLIST_KEY_UISupportedInterfaceOrientations_iPad = "UIInterfaceOrientationPortrait UIInterfaceOrientationPortraitUpsideDown UIInterfaceOrientationLandscapeLeft UIInterfaceOrientationLandscapeRight";
				INFOPLIST_KEY_UISupportedInterfaceOrientations_iPhone = "UIInterfaceOrientationPortrait UIInterfaceOrientationLandscapeLeft UIInterfaceOrientationLandscapeRight";
				LD_RUNPATH_SEARCH_PATHS = (
					"$(inherited)",
					"@executable_path/Frameworks",
				);
				MARKETING_VERSION = 1.0;
				PRODUCT_BUNDLE_IDENTIFIER = "com.luiszarg.newsletter-ios";
				PRODUCT_NAME = "$(TARGET_NAME)";
				SWIFT_EMIT_LOC_STRINGS = YES;
				SWIFT_VERSION = 5.0;
				TARGETED_DEVICE_FAMILY = "1,2";
			};
			name = Release;
		};
		D7F715AB2866C0C6005D5527 /* Debug */ = {
			isa = XCBuildConfiguration;
			buildSettings = {
				ALWAYS_EMBED_SWIFT_STANDARD_LIBRARIES = YES;
				BUNDLE_LOADER = "$(TEST_HOST)";
				CODE_SIGN_STYLE = Automatic;
				CURRENT_PROJECT_VERSION = 1;
				GENERATE_INFOPLIST_FILE = YES;
				IPHONEOS_DEPLOYMENT_TARGET = 15.4;
				MARKETING_VERSION = 1.0;
				PRODUCT_BUNDLE_IDENTIFIER = "com.luiszarg.newsletter-iosTests";
				PRODUCT_NAME = "$(TARGET_NAME)";
				SWIFT_EMIT_LOC_STRINGS = NO;
				SWIFT_VERSION = 5.0;
				TARGETED_DEVICE_FAMILY = "1,2";
				TEST_HOST = "$(BUILT_PRODUCTS_DIR)/newsletter-ios.app/newsletter-ios";
			};
			name = Debug;
		};
		D7F715AC2866C0C6005D5527 /* Release */ = {
			isa = XCBuildConfiguration;
			buildSettings = {
				ALWAYS_EMBED_SWIFT_STANDARD_LIBRARIES = YES;
				BUNDLE_LOADER = "$(TEST_HOST)";
				CODE_SIGN_STYLE = Automatic;
				CURRENT_PROJECT_VERSION = 1;
				GENERATE_INFOPLIST_FILE = YES;
				IPHONEOS_DEPLOYMENT_TARGET = 15.4;
				MARKETING_VERSION = 1.0;
				PRODUCT_BUNDLE_IDENTIFIER = "com.luiszarg.newsletter-iosTests";
				PRODUCT_NAME = "$(TARGET_NAME)";
				SWIFT_EMIT_LOC_STRINGS = NO;
				SWIFT_VERSION = 5.0;
				TARGETED_DEVICE_FAMILY = "1,2";
				TEST_HOST = "$(BUILT_PRODUCTS_DIR)/newsletter-ios.app/newsletter-ios";
			};
			name = Release;
		};
		D7F715AE2866C0C6005D5527 /* Debug */ = {
			isa = XCBuildConfiguration;
			buildSettings = {
				ALWAYS_EMBED_SWIFT_STANDARD_LIBRARIES = YES;
				CODE_SIGN_STYLE = Automatic;
				CURRENT_PROJECT_VERSION = 1;
				GENERATE_INFOPLIST_FILE = YES;
				MARKETING_VERSION = 1.0;
				PRODUCT_BUNDLE_IDENTIFIER = "com.luiszarg.newsletter-iosUITests";
				PRODUCT_NAME = "$(TARGET_NAME)";
				SWIFT_EMIT_LOC_STRINGS = NO;
				SWIFT_VERSION = 5.0;
				TARGETED_DEVICE_FAMILY = "1,2";
				TEST_TARGET_NAME = "newsletter-ios";
			};
			name = Debug;
		};
		D7F715AF2866C0C6005D5527 /* Release */ = {
			isa = XCBuildConfiguration;
			buildSettings = {
				ALWAYS_EMBED_SWIFT_STANDARD_LIBRARIES = YES;
				CODE_SIGN_STYLE = Automatic;
				CURRENT_PROJECT_VERSION = 1;
				GENERATE_INFOPLIST_FILE = YES;
				MARKETING_VERSION = 1.0;
				PRODUCT_BUNDLE_IDENTIFIER = "com.luiszarg.newsletter-iosUITests";
				PRODUCT_NAME = "$(TARGET_NAME)";
				SWIFT_EMIT_LOC_STRINGS = NO;
				SWIFT_VERSION = 5.0;
				TARGETED_DEVICE_FAMILY = "1,2";
				TEST_TARGET_NAME = "newsletter-ios";
			};
			name = Release;
		};
/* End XCBuildConfiguration section */

/* Begin XCConfigurationList section */
		D7F715752866C0C3005D5527 /* Build configuration list for PBXProject "newsletter-ios" */ = {
			isa = XCConfigurationList;
			buildConfigurations = (
				D7F715A52866C0C6005D5527 /* Debug */,
				D7F715A62866C0C6005D5527 /* Release */,
			);
			defaultConfigurationIsVisible = 0;
			defaultConfigurationName = Release;
		};
		D7F715A72866C0C6005D5527 /* Build configuration list for PBXNativeTarget "newsletter-ios" */ = {
			isa = XCConfigurationList;
			buildConfigurations = (
				D7F715A82866C0C6005D5527 /* Debug */,
				D7F715A92866C0C6005D5527 /* Release */,
			);
			defaultConfigurationIsVisible = 0;
			defaultConfigurationName = Release;
		};
		D7F715AA2866C0C6005D5527 /* Build configuration list for PBXNativeTarget "newsletter-iosTests" */ = {
			isa = XCConfigurationList;
			buildConfigurations = (
				D7F715AB2866C0C6005D5527 /* Debug */,
				D7F715AC2866C0C6005D5527 /* Release */,
			);
			defaultConfigurationIsVisible = 0;
			defaultConfigurationName = Release;
		};
		D7F715AD2866C0C6005D5527 /* Build configuration list for PBXNativeTarget "newsletter-iosUITests" */ = {
			isa = XCConfigurationList;
			buildConfigurations = (
				D7F715AE2866C0C6005D5527 /* Debug */,
				D7F715AF2866C0C6005D5527 /* Release */,
			);
			defaultConfigurationIsVisible = 0;
			defaultConfigurationName = Release;
		};
/* End XCConfigurationList section */

/* Begin XCVersionGroup section */
		D7F715862866C0C3005D5527 /* newsletter_ios.xcdatamodeld */ = {
			isa = XCVersionGroup;
			children = (
				D7F715872866C0C3005D5527 /* newsletter_ios.xcdatamodel */,
			);
			currentVersion = D7F715872866C0C3005D5527 /* newsletter_ios.xcdatamodel */;
			path = newsletter_ios.xcdatamodeld;
			sourceTree = "<group>";
			versionGroupType = wrapper.xcdatamodel;
		};
/* End XCVersionGroup section */
	};
	rootObject = D7F715722866C0C3005D5527 /* Project object */;
}
