// !$*UTF8*$!
{
	archiveVersion = 1;
	classes = {
	};
	objectVersion = 55;
	objects = {

/* Begin PBXBuildFile section */
		3A26A2B8478182B684D1537E /* Pods_newsletter_ios.framework in Frameworks */ = {isa = PBXBuildFile; fileRef = 6AE912CA144EA4C39E0A95CD /* Pods_newsletter_ios.framework */; };
		A8086E30BCC9113C5D2D8285 /* Pods_newsletter_ios_newsletter_iosUITests.framework in Frameworks */ = {isa = PBXBuildFile; fileRef = 48E22DACAAACCB2394D5361E /* Pods_newsletter_ios_newsletter_iosUITests.framework */; };
		D72695552866D3A600D64622 /* R.generated.swift in Sources */ = {isa = PBXBuildFile; fileRef = D72695542866D3A600D64622 /* R.generated.swift */; };
		D726955A2866D59D00D64622 /* APIError.swift in Sources */ = {isa = PBXBuildFile; fileRef = D72695572866D59D00D64622 /* APIError.swift */; };
		D726955B2866D59D00D64622 /* HttpClient.swift in Sources */ = {isa = PBXBuildFile; fileRef = D72695582866D59D00D64622 /* HttpClient.swift */; };
		D726955C2866D59D00D64622 /* APISessionManager.swift in Sources */ = {isa = PBXBuildFile; fileRef = D72695592866D59D00D64622 /* APISessionManager.swift */; };
		D7F7157E2866C0C3005D5527 /* AppDelegate.swift in Sources */ = {isa = PBXBuildFile; fileRef = D7F7157D2866C0C3005D5527 /* AppDelegate.swift */; };
		D7F715802866C0C3005D5527 /* SceneDelegate.swift in Sources */ = {isa = PBXBuildFile; fileRef = D7F7157F2866C0C3005D5527 /* SceneDelegate.swift */; };
		D7F715822866C0C3005D5527 /* ViewController.swift in Sources */ = {isa = PBXBuildFile; fileRef = D7F715812866C0C3005D5527 /* ViewController.swift */; };
		D7F715852866C0C3005D5527 /* Main.storyboard in Resources */ = {isa = PBXBuildFile; fileRef = D7F715832866C0C3005D5527 /* Main.storyboard */; };
		D7F715882866C0C3005D5527 /* newsletter_ios.xcdatamodeld in Sources */ = {isa = PBXBuildFile; fileRef = D7F715862866C0C3005D5527 /* newsletter_ios.xcdatamodeld */; };
		D7F7158A2866C0C6005D5527 /* Assets.xcassets in Resources */ = {isa = PBXBuildFile; fileRef = D7F715892866C0C6005D5527 /* Assets.xcassets */; };
		D7F7158D2866C0C6005D5527 /* LaunchScreen.storyboard in Resources */ = {isa = PBXBuildFile; fileRef = D7F7158B2866C0C6005D5527 /* LaunchScreen.storyboard */; };
		D7F715982866C0C6005D5527 /* newsletter_iosTests.swift in Sources */ = {isa = PBXBuildFile; fileRef = D7F715972866C0C6005D5527 /* newsletter_iosTests.swift */; };
		D7F715A22866C0C6005D5527 /* newsletter_iosUITests.swift in Sources */ = {isa = PBXBuildFile; fileRef = D7F715A12866C0C6005D5527 /* newsletter_iosUITests.swift */; };
		D7F715A42866C0C6005D5527 /* newsletter_iosUITestsLaunchTests.swift in Sources */ = {isa = PBXBuildFile; fileRef = D7F715A32866C0C6005D5527 /* newsletter_iosUITestsLaunchTests.swift */; };
		E834C346CC515445218787DD /* Pods_newsletter_iosTests.framework in Frameworks */ = {isa = PBXBuildFile; fileRef = 45F289D499D24624A8FEB959 /* Pods_newsletter_iosTests.framework */; };
/* End PBXBuildFile section */

/* Begin PBXContainerItemProxy section */
		D7F715942866C0C6005D5527 /* PBXContainerItemProxy */ = {
			isa = PBXContainerItemProxy;
			containerPortal = D7F715722866C0C3005D5527 /* Project object */;
			proxyType = 1;
			remoteGlobalIDString = D7F715792866C0C3005D5527;
			remoteInfo = "newsletter-ios";
		};
		D7F7159E2866C0C6005D5527 /* PBXContainerItemProxy */ = {
			isa = PBXContainerItemProxy;
			containerPortal = D7F715722866C0C3005D5527 /* Project object */;
			proxyType = 1;
			remoteGlobalIDString = D7F715792866C0C3005D5527;
			remoteInfo = "newsletter-ios";
		};
/* End PBXContainerItemProxy section */

/* Begin PBXFileReference section */
		232FF5CF85CF6BA4AB96CF44 /* Pods-newsletter-iosTests.release.xcconfig */ = {isa = PBXFileReference; includeInIndex = 1; lastKnownFileType = text.xcconfig; name = "Pods-newsletter-iosTests.release.xcconfig"; path = "Target Support Files/Pods-newsletter-iosTests/Pods-newsletter-iosTests.release.xcconfig"; sourceTree = "<group>"; };
		45F289D499D24624A8FEB959 /* Pods_newsletter_iosTests.framework */ = {isa = PBXFileReference; explicitFileType = wrapper.framework; includeInIndex = 0; path = Pods_newsletter_iosTests.framework; sourceTree = BUILT_PRODUCTS_DIR; };
		48E22DACAAACCB2394D5361E /* Pods_newsletter_ios_newsletter_iosUITests.framework */ = {isa = PBXFileReference; explicitFileType = wrapper.framework; includeInIndex = 0; path = Pods_newsletter_ios_newsletter_iosUITests.framework; sourceTree = BUILT_PRODUCTS_DIR; };
		6AE912CA144EA4C39E0A95CD /* Pods_newsletter_ios.framework */ = {isa = PBXFileReference; explicitFileType = wrapper.framework; includeInIndex = 0; path = Pods_newsletter_ios.framework; sourceTree = BUILT_PRODUCTS_DIR; };
		8687C54858E967B56AEA2E8A /* Pods-newsletter-ios-newsletter-iosUITests.release.xcconfig */ = {isa = PBXFileReference; includeInIndex = 1; lastKnownFileType = text.xcconfig; name = "Pods-newsletter-ios-newsletter-iosUITests.release.xcconfig"; path = "Target Support Files/Pods-newsletter-ios-newsletter-iosUITests/Pods-newsletter-ios-newsletter-iosUITests.release.xcconfig"; sourceTree = "<group>"; };
		A7D0527D1B3F04F5B9B55869 /* Pods-newsletter-ios.debug.xcconfig */ = {isa = PBXFileReference; includeInIndex = 1; lastKnownFileType = text.xcconfig; name = "Pods-newsletter-ios.debug.xcconfig"; path = "Target Support Files/Pods-newsletter-ios/Pods-newsletter-ios.debug.xcconfig"; sourceTree = "<group>"; };
		AC24641847D76D084FF3B67D /* Pods-newsletter-ios-newsletter-iosUITests.debug.xcconfig */ = {isa = PBXFileReference; includeInIndex = 1; lastKnownFileType = text.xcconfig; name = "Pods-newsletter-ios-newsletter-iosUITests.debug.xcconfig"; path = "Target Support Files/Pods-newsletter-ios-newsletter-iosUITests/Pods-newsletter-ios-newsletter-iosUITests.debug.xcconfig"; sourceTree = "<group>"; };
		D0546554E1B61BE91EE3FC2E /* Pods-newsletter-ios.release.xcconfig */ = {isa = PBXFileReference; includeInIndex = 1; lastKnownFileType = text.xcconfig; name = "Pods-newsletter-ios.release.xcconfig"; path = "Target Support Files/Pods-newsletter-ios/Pods-newsletter-ios.release.xcconfig"; sourceTree = "<group>"; };
		D72695542866D3A600D64622 /* R.generated.swift */ = {isa = PBXFileReference; fileEncoding = 4; lastKnownFileType = sourcecode.swift; path = R.generated.swift; sourceTree = "<group>"; };
		D72695572866D59D00D64622 /* APIError.swift */ = {isa = PBXFileReference; fileEncoding = 4; lastKnownFileType = sourcecode.swift; path = APIError.swift; sourceTree = "<group>"; };
		D72695582866D59D00D64622 /* HttpClient.swift */ = {isa = PBXFileReference; fileEncoding = 4; lastKnownFileType = sourcecode.swift; path = HttpClient.swift; sourceTree = "<group>"; };
		D72695592866D59D00D64622 /* APISessionManager.swift */ = {isa = PBXFileReference; fileEncoding = 4; lastKnownFileType = sourcecode.swift; path = APISessionManager.swift; sourceTree = "<group>"; };
		D7F7157A2866C0C3005D5527 /* newsletter-ios.app */ = {isa = PBXFileReference; explicitFileType = wrapper.application; includeInIndex = 0; path = "newsletter-ios.app"; sourceTree = BUILT_PRODUCTS_DIR; };
		D7F7157D2866C0C3005D5527 /* AppDelegate.swift */ = {isa = PBXFileReference; lastKnownFileType = sourcecode.swift; path = AppDelegate.swift; sourceTree = "<group>"; };
		D7F7157F2866C0C3005D5527 /* SceneDelegate.swift */ = {isa = PBXFileReference; lastKnownFileType = sourcecode.swift; path = SceneDelegate.swift; sourceTree = "<group>"; };
		D7F715812866C0C3005D5527 /* ViewController.swift */ = {isa = PBXFileReference; lastKnownFileType = sourcecode.swift; path = ViewController.swift; sourceTree = "<group>"; };
		D7F715842866C0C3005D5527 /* Base */ = {isa = PBXFileReference; lastKnownFileType = file.storyboard; name = Base; path = Base.lproj/Main.storyboard; sourceTree = "<group>"; };
		D7F715872866C0C3005D5527 /* newsletter_ios.xcdatamodel */ = {isa = PBXFileReference; lastKnownFileType = wrapper.xcdatamodel; path = newsletter_ios.xcdatamodel; sourceTree = "<group>"; };
		D7F715892866C0C6005D5527 /* Assets.xcassets */ = {isa = PBXFileReference; lastKnownFileType = folder.assetcatalog; path = Assets.xcassets; sourceTree = "<group>"; };
		D7F7158C2866C0C6005D5527 /* Base */ = {isa = PBXFileReference; lastKnownFileType = file.storyboard; name = Base; path = Base.lproj/LaunchScreen.storyboard; sourceTree = "<group>"; };
		D7F7158E2866C0C6005D5527 /* Info.plist */ = {isa = PBXFileReference; lastKnownFileType = text.plist.xml; path = Info.plist; sourceTree = "<group>"; };
		D7F715932866C0C6005D5527 /* newsletter-iosTests.xctest */ = {isa = PBXFileReference; explicitFileType = wrapper.cfbundle; includeInIndex = 0; path = "newsletter-iosTests.xctest"; sourceTree = BUILT_PRODUCTS_DIR; };
		D7F715972866C0C6005D5527 /* newsletter_iosTests.swift */ = {isa = PBXFileReference; lastKnownFileType = sourcecode.swift; path = newsletter_iosTests.swift; sourceTree = "<group>"; };
		D7F7159D2866C0C6005D5527 /* newsletter-iosUITests.xctest */ = {isa = PBXFileReference; explicitFileType = wrapper.cfbundle; includeInIndex = 0; path = "newsletter-iosUITests.xctest"; sourceTree = BUILT_PRODUCTS_DIR; };
		D7F715A12866C0C6005D5527 /* newsletter_iosUITests.swift */ = {isa = PBXFileReference; lastKnownFileType = sourcecode.swift; path = newsletter_iosUITests.swift; sourceTree = "<group>"; };
		D7F715A32866C0C6005D5527 /* newsletter_iosUITestsLaunchTests.swift */ = {isa = PBXFileReference; lastKnownFileType = sourcecode.swift; path = newsletter_iosUITestsLaunchTests.swift; sourceTree = "<group>"; };
		DB3416D259B4AF28462AB13E /* Pods-newsletter-iosTests.debug.xcconfig */ = {isa = PBXFileReference; includeInIndex = 1; lastKnownFileType = text.xcconfig; name = "Pods-newsletter-iosTests.debug.xcconfig"; path = "Target Support Files/Pods-newsletter-iosTests/Pods-newsletter-iosTests.debug.xcconfig"; sourceTree = "<group>"; };
/* End PBXFileReference section */

/* Begin PBXFrameworksBuildPhase section */
		D7F715772866C0C3005D5527 /* Frameworks */ = {
			isa = PBXFrameworksBuildPhase;
			buildActionMask = 2147483647;
			files = (
				3A26A2B8478182B684D1537E /* Pods_newsletter_ios.framework in Frameworks */,
			);
			runOnlyForDeploymentPostprocessing = 0;
		};
		D7F715902866C0C6005D5527 /* Frameworks */ = {
			isa = PBXFrameworksBuildPhase;
			buildActionMask = 2147483647;
			files = (
				E834C346CC515445218787DD /* Pods_newsletter_iosTests.framework in Frameworks */,
			);
			runOnlyForDeploymentPostprocessing = 0;
		};
		D7F7159A2866C0C6005D5527 /* Frameworks */ = {
			isa = PBXFrameworksBuildPhase;
			buildActionMask = 2147483647;
			files = (
				A8086E30BCC9113C5D2D8285 /* Pods_newsletter_ios_newsletter_iosUITests.framework in Frameworks */,
			);
			runOnlyForDeploymentPostprocessing = 0;
		};
/* End PBXFrameworksBuildPhase section */

/* Begin PBXGroup section */
		649D9F02FD9581902A351D78 /* Pods */ = {
			isa = PBXGroup;
			children = (
				A7D0527D1B3F04F5B9B55869 /* Pods-newsletter-ios.debug.xcconfig */,
				D0546554E1B61BE91EE3FC2E /* Pods-newsletter-ios.release.xcconfig */,
				AC24641847D76D084FF3B67D /* Pods-newsletter-ios-newsletter-iosUITests.debug.xcconfig */,
				8687C54858E967B56AEA2E8A /* Pods-newsletter-ios-newsletter-iosUITests.release.xcconfig */,
				DB3416D259B4AF28462AB13E /* Pods-newsletter-iosTests.debug.xcconfig */,
				232FF5CF85CF6BA4AB96CF44 /* Pods-newsletter-iosTests.release.xcconfig */,
			);
			path = Pods;
			sourceTree = "<group>";
		};
		D72695562866D59D00D64622 /* HTTPClient */ = {
			isa = PBXGroup;
			children = (
				D72695572866D59D00D64622 /* APIError.swift */,
				D72695582866D59D00D64622 /* HttpClient.swift */,
				D72695592866D59D00D64622 /* APISessionManager.swift */,
			);
			path = HTTPClient;
			sourceTree = "<group>";
		};
		D7F715712866C0C3005D5527 = {
			isa = PBXGroup;
			children = (
				D7F7157C2866C0C3005D5527 /* newsletter-ios */,
				D7F715962866C0C6005D5527 /* newsletter-iosTests */,
				D7F715A02866C0C6005D5527 /* newsletter-iosUITests */,
				D7F7157B2866C0C3005D5527 /* Products */,
				649D9F02FD9581902A351D78 /* Pods */,
				FAFBB043F2438801A373598E /* Frameworks */,
			);
			sourceTree = "<group>";
		};
		D7F7157B2866C0C3005D5527 /* Products */ = {
			isa = PBXGroup;
			children = (
				D7F7157A2866C0C3005D5527 /* newsletter-ios.app */,
				D7F715932866C0C6005D5527 /* newsletter-iosTests.xctest */,
				D7F7159D2866C0C6005D5527 /* newsletter-iosUITests.xctest */,
			);
			name = Products;
			sourceTree = "<group>";
		};
		D7F7157C2866C0C3005D5527 /* newsletter-ios */ = {
			isa = PBXGroup;
			children = (
				D7F715B02866C1B4005D5527 /* Applicationn Layer */,
				D7F715B12866C1BF005D5527 /* Presentation Layer */,
				D7F715B22866C1C9005D5527 /* Business Logic Layer */,
				D7F715B32866C1F0005D5527 /* Core Layer */,
				D7F715B42866C20B005D5527 /* Supporting Files */,
			);
			path = "newsletter-ios";
			sourceTree = "<group>";
		};
		D7F715962866C0C6005D5527 /* newsletter-iosTests */ = {
			isa = PBXGroup;
			children = (
				D7F715972866C0C6005D5527 /* newsletter_iosTests.swift */,
			);
			path = "newsletter-iosTests";
			sourceTree = "<group>";
		};
		D7F715A02866C0C6005D5527 /* newsletter-iosUITests */ = {
			isa = PBXGroup;
			children = (
				D7F715A12866C0C6005D5527 /* newsletter_iosUITests.swift */,
				D7F715A32866C0C6005D5527 /* newsletter_iosUITestsLaunchTests.swift */,
			);
			path = "newsletter-iosUITests";
			sourceTree = "<group>";
		};
		D7F715B02866C1B4005D5527 /* Applicationn Layer */ = {
			isa = PBXGroup;
			children = (
				D7F7157D2866C0C3005D5527 /* AppDelegate.swift */,
				D7F7157F2866C0C3005D5527 /* SceneDelegate.swift */,
			);
			path = "Applicationn Layer";
			sourceTree = "<group>";
		};
		D7F715B12866C1BF005D5527 /* Presentation Layer */ = {
			isa = PBXGroup;
			children = (
				D7F715B52866C283005D5527 /* Scenes */,
			);
			path = "Presentation Layer";
			sourceTree = "<group>";
		};
		D7F715B22866C1C9005D5527 /* Business Logic Layer */ = {
			isa = PBXGroup;
			children = (
			);
			path = "Business Logic Layer";
			sourceTree = "<group>";
		};
		D7F715B32866C1F0005D5527 /* Core Layer */ = {
			isa = PBXGroup;
			children = (
				D7F715B92866CF1E005D5527 /* Resources */,
				D7F715B72866C313005D5527 /* Network */,
				D7F715862866C0C3005D5527 /* newsletter_ios.xcdatamodeld */,
			);
			path = "Core Layer";
			sourceTree = "<group>";
		};
		D7F715B42866C20B005D5527 /* Supporting Files */ = {
			isa = PBXGroup;
			children = (
				D7F715B62866C29E005D5527 /* Resources */,
				D7F7158E2866C0C6005D5527 /* Info.plist */,
			);
			path = "Supporting Files";
			sourceTree = "<group>";
		};
		D7F715B52866C283005D5527 /* Scenes */ = {
			isa = PBXGroup;
			children = (
				D7F7158B2866C0C6005D5527 /* LaunchScreen.storyboard */,
				D7F715832866C0C3005D5527 /* Main.storyboard */,
				D7F715812866C0C3005D5527 /* ViewController.swift */,
			);
			path = Scenes;
			sourceTree = "<group>";
		};
		D7F715B62866C29E005D5527 /* Resources */ = {
			isa = PBXGroup;
			children = (
				D7F715892866C0C6005D5527 /* Assets.xcassets */,
			);
			path = Resources;
			sourceTree = "<group>";
		};
		D7F715B72866C313005D5527 /* Network */ = {
			isa = PBXGroup;
			children = (
				D72695562866D59D00D64622 /* HTTPClient */,
			);
			path = Network;
			sourceTree = "<group>";
		};
		D7F715B92866CF1E005D5527 /* Resources */ = {
			isa = PBXGroup;
			children = (
				D7F715BA2866CF25005D5527 /* Generated */,
			);
			path = Resources;
			sourceTree = "<group>";
		};
		D7F715BA2866CF25005D5527 /* Generated */ = {
			isa = PBXGroup;
			children = (
				D72695542866D3A600D64622 /* R.generated.swift */,
			);
			path = Generated;
			sourceTree = "<group>";
		};
		FAFBB043F2438801A373598E /* Frameworks */ = {
			isa = PBXGroup;
			children = (
				6AE912CA144EA4C39E0A95CD /* Pods_newsletter_ios.framework */,
				48E22DACAAACCB2394D5361E /* Pods_newsletter_ios_newsletter_iosUITests.framework */,
				45F289D499D24624A8FEB959 /* Pods_newsletter_iosTests.framework */,
			);
			name = Frameworks;
			sourceTree = "<group>";
		};
/* End PBXGroup section */

/* Begin PBXNativeTarget section */
		D7F715792866C0C3005D5527 /* newsletter-ios */ = {
			isa = PBXNativeTarget;
			buildConfigurationList = D7F715A72866C0C6005D5527 /* Build configuration list for PBXNativeTarget "newsletter-ios" */;
			buildPhases = (
				E046D51EC72E2DE05A4307C2 /* [CP] Check Pods Manifest.lock */,
				D7F715B82866CEAA005D5527 /* R.swift */,
				D7F715762866C0C3005D5527 /* Sources */,
				D7F715772866C0C3005D5527 /* Frameworks */,
				D7F715782866C0C3005D5527 /* Resources */,
				4F74BC1D702A7E1DAEF24531 /* [CP] Embed Pods Frameworks */,
			);
			buildRules = (
			);
			dependencies = (
			);
			name = "newsletter-ios";
			productName = "newsletter-ios";
			productReference = D7F7157A2866C0C3005D5527 /* newsletter-ios.app */;
			productType = "com.apple.product-type.application";
		};
		D7F715922866C0C6005D5527 /* newsletter-iosTests */ = {
			isa = PBXNativeTarget;
			buildConfigurationList = D7F715AA2866C0C6005D5527 /* Build configuration list for PBXNativeTarget "newsletter-iosTests" */;
			buildPhases = (
				9FE5BE2104A936B481C3A138 /* [CP] Check Pods Manifest.lock */,
				D7F7158F2866C0C6005D5527 /* Sources */,
				D7F715902866C0C6005D5527 /* Frameworks */,
				D7F715912866C0C6005D5527 /* Resources */,
			);
			buildRules = (
			);
			dependencies = (
				D7F715952866C0C6005D5527 /* PBXTargetDependency */,
			);
			name = "newsletter-iosTests";
			productName = "newsletter-iosTests";
			productReference = D7F715932866C0C6005D5527 /* newsletter-iosTests.xctest */;
			productType = "com.apple.product-type.bundle.unit-test";
		};
		D7F7159C2866C0C6005D5527 /* newsletter-iosUITests */ = {
			isa = PBXNativeTarget;
			buildConfigurationList = D7F715AD2866C0C6005D5527 /* Build configuration list for PBXNativeTarget "newsletter-iosUITests" */;
			buildPhases = (
				3A48C11468B87E98FCC0AB9A /* [CP] Check Pods Manifest.lock */,
				D7F715992866C0C6005D5527 /* Sources */,
				D7F7159A2866C0C6005D5527 /* Frameworks */,
				D7F7159B2866C0C6005D5527 /* Resources */,
				CBB15EDEDB5817FE1FB52904 /* [CP] Embed Pods Frameworks */,
			);
			buildRules = (
			);
			dependencies = (
				D7F7159F2866C0C6005D5527 /* PBXTargetDependency */,
			);
			name = "newsletter-iosUITests";
			productName = "newsletter-iosUITests";
			productReference = D7F7159D2866C0C6005D5527 /* newsletter-iosUITests.xctest */;
			productType = "com.apple.product-type.bundle.ui-testing";
		};
/* End PBXNativeTarget section */

/* Begin PBXProject section */
		D7F715722866C0C3005D5527 /* Project object */ = {
			isa = PBXProject;
			attributes = {
				BuildIndependentTargetsInParallel = 1;
				LastSwiftUpdateCheck = 1330;
				LastUpgradeCheck = 1330;
				TargetAttributes = {
					D7F715792866C0C3005D5527 = {
						CreatedOnToolsVersion = 13.3.1;
					};
					D7F715922866C0C6005D5527 = {
						CreatedOnToolsVersion = 13.3.1;
						TestTargetID = D7F715792866C0C3005D5527;
					};
					D7F7159C2866C0C6005D5527 = {
						CreatedOnToolsVersion = 13.3.1;
						TestTargetID = D7F715792866C0C3005D5527;
					};
				};
			};
			buildConfigurationList = D7F715752866C0C3005D5527 /* Build configuration list for PBXProject "newsletter-ios" */;
			compatibilityVersion = "Xcode 13.0";
			developmentRegion = en;
			hasScannedForEncodings = 0;
			knownRegions = (
				en,
				Base,
			);
			mainGroup = D7F715712866C0C3005D5527;
			productRefGroup = D7F7157B2866C0C3005D5527 /* Products */;
			projectDirPath = "";
			projectRoot = "";
			targets = (
				D7F715792866C0C3005D5527 /* newsletter-ios */,
				D7F715922866C0C6005D5527 /* newsletter-iosTests */,
				D7F7159C2866C0C6005D5527 /* newsletter-iosUITests */,
			);
		};
/* End PBXProject section */

/* Begin PBXResourcesBuildPhase section */
		D7F715782866C0C3005D5527 /* Resources */ = {
			isa = PBXResourcesBuildPhase;
			buildActionMask = 2147483647;
			files = (
				D7F7158D2866C0C6005D5527 /* LaunchScreen.storyboard in Resources */,
				D7F7158A2866C0C6005D5527 /* Assets.xcassets in Resources */,
				D7F715852866C0C3005D5527 /* Main.storyboard in Resources */,
			);
			runOnlyForDeploymentPostprocessing = 0;
		};
		D7F715912866C0C6005D5527 /* Resources */ = {
			isa = PBXResourcesBuildPhase;
			buildActionMask = 2147483647;
			files = (
			);
			runOnlyForDeploymentPostprocessing = 0;
		};
		D7F7159B2866C0C6005D5527 /* Resources */ = {
			isa = PBXResourcesBuildPhase;
			buildActionMask = 2147483647;
			files = (
			);
			runOnlyForDeploymentPostprocessing = 0;
		};
/* End PBXResourcesBuildPhase section */

/* Begin PBXShellScriptBuildPhase section */
		3A48C11468B87E98FCC0AB9A /* [CP] Check Pods Manifest.lock */ = {
			isa = PBXShellScriptBuildPhase;
			buildActionMask = 2147483647;
			files = (
			);
			inputFileListPaths = (
			);
			inputPaths = (
				"${PODS_PODFILE_DIR_PATH}/Podfile.lock",
				"${PODS_ROOT}/Manifest.lock",
			);
			name = "[CP] Check Pods Manifest.lock";
			outputFileListPaths = (
			);
			outputPaths = (
				"$(DERIVED_FILE_DIR)/Pods-newsletter-ios-newsletter-iosUITests-checkManifestLockResult.txt",
			);
			runOnlyForDeploymentPostprocessing = 0;
			shellPath = /bin/sh;
			shellScript = "diff \"${PODS_PODFILE_DIR_PATH}/Podfile.lock\" \"${PODS_ROOT}/Manifest.lock\" > /dev/null\nif [ $? != 0 ] ; then\n    # print error to STDERR\n    echo \"error: The sandbox is not in sync with the Podfile.lock. Run 'pod install' or update your CocoaPods installation.\" >&2\n    exit 1\nfi\n# This output is used by Xcode 'outputs' to avoid re-running this script phase.\necho \"SUCCESS\" > \"${SCRIPT_OUTPUT_FILE_0}\"\n";
			showEnvVarsInLog = 0;
		};
		4F74BC1D702A7E1DAEF24531 /* [CP] Embed Pods Frameworks */ = {
			isa = PBXShellScriptBuildPhase;
			buildActionMask = 2147483647;
			files = (
			);
			inputFileListPaths = (
				"${PODS_ROOT}/Target Support Files/Pods-newsletter-ios/Pods-newsletter-ios-frameworks-${CONFIGURATION}-input-files.xcfilelist",
			);
			name = "[CP] Embed Pods Frameworks";
			outputFileListPaths = (
				"${PODS_ROOT}/Target Support Files/Pods-newsletter-ios/Pods-newsletter-ios-frameworks-${CONFIGURATION}-output-files.xcfilelist",
			);
			runOnlyForDeploymentPostprocessing = 0;
			shellPath = /bin/sh;
			shellScript = "\"${PODS_ROOT}/Target Support Files/Pods-newsletter-ios/Pods-newsletter-ios-frameworks.sh\"\n";
			showEnvVarsInLog = 0;
		};
		9FE5BE2104A936B481C3A138 /* [CP] Check Pods Manifest.lock */ = {
			isa = PBXShellScriptBuildPhase;
			buildActionMask = 2147483647;
			files = (
			);
			inputFileListPaths = (
			);
			inputPaths = (
				"${PODS_PODFILE_DIR_PATH}/Podfile.lock",
				"${PODS_ROOT}/Manifest.lock",
			);
			name = "[CP] Check Pods Manifest.lock";
			outputFileListPaths = (
			);
			outputPaths = (
				"$(DERIVED_FILE_DIR)/Pods-newsletter-iosTests-checkManifestLockResult.txt",
			);
			runOnlyForDeploymentPostprocessing = 0;
			shellPath = /bin/sh;
			shellScript = "diff \"${PODS_PODFILE_DIR_PATH}/Podfile.lock\" \"${PODS_ROOT}/Manifest.lock\" > /dev/null\nif [ $? != 0 ] ; then\n    # print error to STDERR\n    echo \"error: The sandbox is not in sync with the Podfile.lock. Run 'pod install' or update your CocoaPods installation.\" >&2\n    exit 1\nfi\n# This output is used by Xcode 'outputs' to avoid re-running this script phase.\necho \"SUCCESS\" > \"${SCRIPT_OUTPUT_FILE_0}\"\n";
			showEnvVarsInLog = 0;
		};
		CBB15EDEDB5817FE1FB52904 /* [CP] Embed Pods Frameworks */ = {
			isa = PBXShellScriptBuildPhase;
			buildActionMask = 2147483647;
			files = (
			);
			inputFileListPaths = (
				"${PODS_ROOT}/Target Support Files/Pods-newsletter-ios-newsletter-iosUITests/Pods-newsletter-ios-newsletter-iosUITests-frameworks-${CONFIGURATION}-input-files.xcfilelist",
			);
			name = "[CP] Embed Pods Frameworks";
			outputFileListPaths = (
				"${PODS_ROOT}/Target Support Files/Pods-newsletter-ios-newsletter-iosUITests/Pods-newsletter-ios-newsletter-iosUITests-frameworks-${CONFIGURATION}-output-files.xcfilelist",
			);
			runOnlyForDeploymentPostprocessing = 0;
			shellPath = /bin/sh;
			shellScript = "\"${PODS_ROOT}/Target Support Files/Pods-newsletter-ios-newsletter-iosUITests/Pods-newsletter-ios-newsletter-iosUITests-frameworks.sh\"\n";
			showEnvVarsInLog = 0;
		};
		D7F715B82866CEAA005D5527 /* R.swift */ = {
			isa = PBXShellScriptBuildPhase;
			alwaysOutOfDate = 1;
			buildActionMask = 2147483647;
			files = (
			);
			inputFileListPaths = (
			);
			inputPaths = (
				"$TEMP_DIR/rswift-lastrun",
			);
			name = R.swift;
			outputFileListPaths = (
			);
			outputPaths = (
				"$SRCROOT/newsletter-ios/Core Layer/Resources/Generated/R.generated.swift",
			);
			runOnlyForDeploymentPostprocessing = 0;
			shellPath = /bin/sh;
			shellScript = "\"$PODS_ROOT/R.swift/rswift\" generate \"$SRCROOT/newsletter-ios/Core Layer/Resources/Generated/R.generated.swift\"\n";
		};
		E046D51EC72E2DE05A4307C2 /* [CP] Check Pods Manifest.lock */ = {
			isa = PBXShellScriptBuildPhase;
			buildActionMask = 2147483647;
			files = (
			);
			inputFileListPaths = (
			);
			inputPaths = (
				"${PODS_PODFILE_DIR_PATH}/Podfile.lock",
				"${PODS_ROOT}/Manifest.lock",
			);
			name = "[CP] Check Pods Manifest.lock";
			outputFileListPaths = (
			);
			outputPaths = (
				"$(DERIVED_FILE_DIR)/Pods-newsletter-ios-checkManifestLockResult.txt",
			);
			runOnlyForDeploymentPostprocessing = 0;
			shellPath = /bin/sh;
			shellScript = "diff \"${PODS_PODFILE_DIR_PATH}/Podfile.lock\" \"${PODS_ROOT}/Manifest.lock\" > /dev/null\nif [ $? != 0 ] ; then\n    # print error to STDERR\n    echo \"error: The sandbox is not in sync with the Podfile.lock. Run 'pod install' or update your CocoaPods installation.\" >&2\n    exit 1\nfi\n# This output is used by Xcode 'outputs' to avoid re-running this script phase.\necho \"SUCCESS\" > \"${SCRIPT_OUTPUT_FILE_0}\"\n";
			showEnvVarsInLog = 0;
		};
/* End PBXShellScriptBuildPhase section */

/* Begin PBXSourcesBuildPhase section */
		D7F715762866C0C3005D5527 /* Sources */ = {
			isa = PBXSourcesBuildPhase;
			buildActionMask = 2147483647;
			files = (
				D7F715822866C0C3005D5527 /* ViewController.swift in Sources */,
				D7F7157E2866C0C3005D5527 /* AppDelegate.swift in Sources */,
				D72695552866D3A600D64622 /* R.generated.swift in Sources */,
				D726955C2866D59D00D64622 /* APISessionManager.swift in Sources */,
				D7F715882866C0C3005D5527 /* newsletter_ios.xcdatamodeld in Sources */,
				D726955B2866D59D00D64622 /* HttpClient.swift in Sources */,
				D7F715802866C0C3005D5527 /* SceneDelegate.swift in Sources */,
				D726955A2866D59D00D64622 /* APIError.swift in Sources */,
			);
			runOnlyForDeploymentPostprocessing = 0;
		};
		D7F7158F2866C0C6005D5527 /* Sources */ = {
			isa = PBXSourcesBuildPhase;
			buildActionMask = 2147483647;
			files = (
				D7F715982866C0C6005D5527 /* newsletter_iosTests.swift in Sources */,
			);
			runOnlyForDeploymentPostprocessing = 0;
		};
		D7F715992866C0C6005D5527 /* Sources */ = {
			isa = PBXSourcesBuildPhase;
			buildActionMask = 2147483647;
			files = (
				D7F715A22866C0C6005D5527 /* newsletter_iosUITests.swift in Sources */,
				D7F715A42866C0C6005D5527 /* newsletter_iosUITestsLaunchTests.swift in Sources */,
			);
			runOnlyForDeploymentPostprocessing = 0;
		};
/* End PBXSourcesBuildPhase section */

/* Begin PBXTargetDependency section */
		D7F715952866C0C6005D5527 /* PBXTargetDependency */ = {
			isa = PBXTargetDependency;
			target = D7F715792866C0C3005D5527 /* newsletter-ios */;
			targetProxy = D7F715942866C0C6005D5527 /* PBXContainerItemProxy */;
		};
		D7F7159F2866C0C6005D5527 /* PBXTargetDependency */ = {
			isa = PBXTargetDependency;
			target = D7F715792866C0C3005D5527 /* newsletter-ios */;
			targetProxy = D7F7159E2866C0C6005D5527 /* PBXContainerItemProxy */;
		};
/* End PBXTargetDependency section */

/* Begin PBXVariantGroup section */
		D7F715832866C0C3005D5527 /* Main.storyboard */ = {
			isa = PBXVariantGroup;
			children = (
				D7F715842866C0C3005D5527 /* Base */,
			);
			name = Main.storyboard;
			sourceTree = "<group>";
		};
		D7F7158B2866C0C6005D5527 /* LaunchScreen.storyboard */ = {
			isa = PBXVariantGroup;
			children = (
				D7F7158C2866C0C6005D5527 /* Base */,
			);
			name = LaunchScreen.storyboard;
			sourceTree = "<group>";
		};
/* End PBXVariantGroup section */

/* Begin XCBuildConfiguration section */
		D7F715A52866C0C6005D5527 /* Debug */ = {
			isa = XCBuildConfiguration;
			buildSettings = {
				ALWAYS_SEARCH_USER_PATHS = NO;
				CLANG_ANALYZER_NONNULL = YES;
				CLANG_ANALYZER_NUMBER_OBJECT_CONVERSION = YES_AGGRESSIVE;
				CLANG_CXX_LANGUAGE_STANDARD = "gnu++17";
				CLANG_ENABLE_MODULES = YES;
				CLANG_ENABLE_OBJC_ARC = YES;
				CLANG_ENABLE_OBJC_WEAK = YES;
				CLANG_WARN_BLOCK_CAPTURE_AUTORELEASING = YES;
				CLANG_WARN_BOOL_CONVERSION = YES;
				CLANG_WARN_COMMA = YES;
				CLANG_WARN_CONSTANT_CONVERSION = YES;
				CLANG_WARN_DEPRECATED_OBJC_IMPLEMENTATIONS = YES;
				CLANG_WARN_DIRECT_OBJC_ISA_USAGE = YES_ERROR;
				CLANG_WARN_DOCUMENTATION_COMMENTS = YES;
				CLANG_WARN_EMPTY_BODY = YES;
				CLANG_WARN_ENUM_CONVERSION = YES;
				CLANG_WARN_INFINITE_RECURSION = YES;
				CLANG_WARN_INT_CONVERSION = YES;
				CLANG_WARN_NON_LITERAL_NULL_CONVERSION = YES;
				CLANG_WARN_OBJC_IMPLICIT_RETAIN_SELF = YES;
				CLANG_WARN_OBJC_LITERAL_CONVERSION = YES;
				CLANG_WARN_OBJC_ROOT_CLASS = YES_ERROR;
				CLANG_WARN_QUOTED_INCLUDE_IN_FRAMEWORK_HEADER = YES;
				CLANG_WARN_RANGE_LOOP_ANALYSIS = YES;
				CLANG_WARN_STRICT_PROTOTYPES = YES;
				CLANG_WARN_SUSPICIOUS_MOVE = YES;
				CLANG_WARN_UNGUARDED_AVAILABILITY = YES_AGGRESSIVE;
				CLANG_WARN_UNREACHABLE_CODE = YES;
				CLANG_WARN__DUPLICATE_METHOD_MATCH = YES;
				COPY_PHASE_STRIP = NO;
				DEBUG_INFORMATION_FORMAT = dwarf;
				ENABLE_STRICT_OBJC_MSGSEND = YES;
				ENABLE_TESTABILITY = YES;
				GCC_C_LANGUAGE_STANDARD = gnu11;
				GCC_DYNAMIC_NO_PIC = NO;
				GCC_NO_COMMON_BLOCKS = YES;
				GCC_OPTIMIZATION_LEVEL = 0;
				GCC_PREPROCESSOR_DEFINITIONS = (
					"DEBUG=1",
					"$(inherited)",
				);
				GCC_WARN_64_TO_32_BIT_CONVERSION = YES;
				GCC_WARN_ABOUT_RETURN_TYPE = YES_ERROR;
				GCC_WARN_UNDECLARED_SELECTOR = YES;
				GCC_WARN_UNINITIALIZED_AUTOS = YES_AGGRESSIVE;
				GCC_WARN_UNUSED_FUNCTION = YES;
				GCC_WARN_UNUSED_VARIABLE = YES;
				IPHONEOS_DEPLOYMENT_TARGET = 15.4;
				MTL_ENABLE_DEBUG_INFO = INCLUDE_SOURCE;
				MTL_FAST_MATH = YES;
				ONLY_ACTIVE_ARCH = YES;
				SDKROOT = iphoneos;
				SWIFT_ACTIVE_COMPILATION_CONDITIONS = DEBUG;
				SWIFT_OPTIMIZATION_LEVEL = "-Onone";
			};
			name = Debug;
		};
		D7F715A62866C0C6005D5527 /* Release */ = {
			isa = XCBuildConfiguration;
			buildSettings = {
				ALWAYS_SEARCH_USER_PATHS = NO;
				CLANG_ANALYZER_NONNULL = YES;
				CLANG_ANALYZER_NUMBER_OBJECT_CONVERSION = YES_AGGRESSIVE;
				CLANG_CXX_LANGUAGE_STANDARD = "gnu++17";
				CLANG_ENABLE_MODULES = YES;
				CLANG_ENABLE_OBJC_ARC = YES;
				CLANG_ENABLE_OBJC_WEAK = YES;
				CLANG_WARN_BLOCK_CAPTURE_AUTORELEASING = YES;
				CLANG_WARN_BOOL_CONVERSION = YES;
				CLANG_WARN_COMMA = YES;
				CLANG_WARN_CONSTANT_CONVERSION = YES;
				CLANG_WARN_DEPRECATED_OBJC_IMPLEMENTATIONS = YES;
				CLANG_WARN_DIRECT_OBJC_ISA_USAGE = YES_ERROR;
				CLANG_WARN_DOCUMENTATION_COMMENTS = YES;
				CLANG_WARN_EMPTY_BODY = YES;
				CLANG_WARN_ENUM_CONVERSION = YES;
				CLANG_WARN_INFINITE_RECURSION = YES;
				CLANG_WARN_INT_CONVERSION = YES;
				CLANG_WARN_NON_LITERAL_NULL_CONVERSION = YES;
				CLANG_WARN_OBJC_IMPLICIT_RETAIN_SELF = YES;
				CLANG_WARN_OBJC_LITERAL_CONVERSION = YES;
				CLANG_WARN_OBJC_ROOT_CLASS = YES_ERROR;
				CLANG_WARN_QUOTED_INCLUDE_IN_FRAMEWORK_HEADER = YES;
				CLANG_WARN_RANGE_LOOP_ANALYSIS = YES;
				CLANG_WARN_STRICT_PROTOTYPES = YES;
				CLANG_WARN_SUSPICIOUS_MOVE = YES;
				CLANG_WARN_UNGUARDED_AVAILABILITY = YES_AGGRESSIVE;
				CLANG_WARN_UNREACHABLE_CODE = YES;
				CLANG_WARN__DUPLICATE_METHOD_MATCH = YES;
				COPY_PHASE_STRIP = NO;
				DEBUG_INFORMATION_FORMAT = "dwarf-with-dsym";
				ENABLE_NS_ASSERTIONS = NO;
				ENABLE_STRICT_OBJC_MSGSEND = YES;
				GCC_C_LANGUAGE_STANDARD = gnu11;
				GCC_NO_COMMON_BLOCKS = YES;
				GCC_WARN_64_TO_32_BIT_CONVERSION = YES;
				GCC_WARN_ABOUT_RETURN_TYPE = YES_ERROR;
				GCC_WARN_UNDECLARED_SELECTOR = YES;
				GCC_WARN_UNINITIALIZED_AUTOS = YES_AGGRESSIVE;
				GCC_WARN_UNUSED_FUNCTION = YES;
				GCC_WARN_UNUSED_VARIABLE = YES;
				IPHONEOS_DEPLOYMENT_TARGET = 15.4;
				MTL_ENABLE_DEBUG_INFO = NO;
				MTL_FAST_MATH = YES;
				SDKROOT = iphoneos;
				SWIFT_COMPILATION_MODE = wholemodule;
				SWIFT_OPTIMIZATION_LEVEL = "-O";
				VALIDATE_PRODUCT = YES;
			};
			name = Release;
		};
		D7F715A82866C0C6005D5527 /* Debug */ = {
			isa = XCBuildConfiguration;
			baseConfigurationReference = A7D0527D1B3F04F5B9B55869 /* Pods-newsletter-ios.debug.xcconfig */;
			buildSettings = {
				ASSETCATALOG_COMPILER_APPICON_NAME = AppIcon;
				ASSETCATALOG_COMPILER_GLOBAL_ACCENT_COLOR_NAME = AccentColor;
				CODE_SIGN_STYLE = Automatic;
				CURRENT_PROJECT_VERSION = 1;
				GENERATE_INFOPLIST_FILE = YES;
				INFOPLIST_FILE = "newsletter-ios/Supporting Files/info.plist";
				INFOPLIST_KEY_UIApplicationSupportsIndirectInputEvents = YES;
				INFOPLIST_KEY_UILaunchStoryboardName = LaunchScreen;
				INFOPLIST_KEY_UIMainStoryboardFile = Main;
				INFOPLIST_KEY_UISupportedInterfaceOrientations_iPad = "UIInterfaceOrientationPortrait UIInterfaceOrientationPortraitUpsideDown UIInterfaceOrientationLandscapeLeft UIInterfaceOrientationLandscapeRight";
				INFOPLIST_KEY_UISupportedInterfaceOrientations_iPhone = "UIInterfaceOrientationPortrait UIInterfaceOrientationLandscapeLeft UIInterfaceOrientationLandscapeRight";
				LD_RUNPATH_SEARCH_PATHS = (
					"$(inherited)",
					"@executable_path/Frameworks",
				);
				MARKETING_VERSION = 1.0;
				PRODUCT_BUNDLE_IDENTIFIER = "com.luiszarg.newsletter-ios";
				PRODUCT_NAME = "$(TARGET_NAME)";
				SWIFT_EMIT_LOC_STRINGS = YES;
				SWIFT_VERSION = 5.0;
				TARGETED_DEVICE_FAMILY = "1,2";
			};
			name = Debug;
		};
		D7F715A92866C0C6005D5527 /* Release */ = {
			isa = XCBuildConfiguration;
			baseConfigurationReference = D0546554E1B61BE91EE3FC2E /* Pods-newsletter-ios.release.xcconfig */;
			buildSettings = {
				ASSETCATALOG_COMPILER_APPICON_NAME = AppIcon;
				ASSETCATALOG_COMPILER_GLOBAL_ACCENT_COLOR_NAME = AccentColor;
				CODE_SIGN_STYLE = Automatic;
				CURRENT_PROJECT_VERSION = 1;
				GENERATE_INFOPLIST_FILE = YES;
				INFOPLIST_FILE = "newsletter-ios/Supporting Files/info.plist";
				INFOPLIST_KEY_UIApplicationSupportsIndirectInputEvents = YES;
				INFOPLIST_KEY_UILaunchStoryboardName = LaunchScreen;
				INFOPLIST_KEY_UIMainStoryboardFile = Main;
				INFOPLIST_KEY_UISupportedInterfaceOrientations_iPad = "UIInterfaceOrientationPortrait UIInterfaceOrientationPortraitUpsideDown UIInterfaceOrientationLandscapeLeft UIInterfaceOrientationLandscapeRight";
				INFOPLIST_KEY_UISupportedInterfaceOrientations_iPhone = "UIInterfaceOrientationPortrait UIInterfaceOrientationLandscapeLeft UIInterfaceOrientationLandscapeRight";
				LD_RUNPATH_SEARCH_PATHS = (
					"$(inherited)",
					"@executable_path/Frameworks",
				);
				MARKETING_VERSION = 1.0;
				PRODUCT_BUNDLE_IDENTIFIER = "com.luiszarg.newsletter-ios";
				PRODUCT_NAME = "$(TARGET_NAME)";
				SWIFT_EMIT_LOC_STRINGS = YES;
				SWIFT_VERSION = 5.0;
				TARGETED_DEVICE_FAMILY = "1,2";
			};
			name = Release;
		};
		D7F715AB2866C0C6005D5527 /* Debug */ = {
			isa = XCBuildConfiguration;
			baseConfigurationReference = DB3416D259B4AF28462AB13E /* Pods-newsletter-iosTests.debug.xcconfig */;
			buildSettings = {
				ALWAYS_EMBED_SWIFT_STANDARD_LIBRARIES = YES;
				BUNDLE_LOADER = "$(TEST_HOST)";
				CODE_SIGN_STYLE = Automatic;
				CURRENT_PROJECT_VERSION = 1;
				GENERATE_INFOPLIST_FILE = YES;
				IPHONEOS_DEPLOYMENT_TARGET = 15.4;
				MARKETING_VERSION = 1.0;
				PRODUCT_BUNDLE_IDENTIFIER = "com.luiszarg.newsletter-iosTests";
				PRODUCT_NAME = "$(TARGET_NAME)";
				SWIFT_EMIT_LOC_STRINGS = NO;
				SWIFT_VERSION = 5.0;
				TARGETED_DEVICE_FAMILY = "1,2";
				TEST_HOST = "$(BUILT_PRODUCTS_DIR)/newsletter-ios.app/newsletter-ios";
			};
			name = Debug;
		};
		D7F715AC2866C0C6005D5527 /* Release */ = {
			isa = XCBuildConfiguration;
			baseConfigurationReference = 232FF5CF85CF6BA4AB96CF44 /* Pods-newsletter-iosTests.release.xcconfig */;
			buildSettings = {
				ALWAYS_EMBED_SWIFT_STANDARD_LIBRARIES = YES;
				BUNDLE_LOADER = "$(TEST_HOST)";
				CODE_SIGN_STYLE = Automatic;
				CURRENT_PROJECT_VERSION = 1;
				GENERATE_INFOPLIST_FILE = YES;
				IPHONEOS_DEPLOYMENT_TARGET = 15.4;
				MARKETING_VERSION = 1.0;
				PRODUCT_BUNDLE_IDENTIFIER = "com.luiszarg.newsletter-iosTests";
				PRODUCT_NAME = "$(TARGET_NAME)";
				SWIFT_EMIT_LOC_STRINGS = NO;
				SWIFT_VERSION = 5.0;
				TARGETED_DEVICE_FAMILY = "1,2";
				TEST_HOST = "$(BUILT_PRODUCTS_DIR)/newsletter-ios.app/newsletter-ios";
			};
			name = Release;
		};
		D7F715AE2866C0C6005D5527 /* Debug */ = {
			isa = XCBuildConfiguration;
			baseConfigurationReference = AC24641847D76D084FF3B67D /* Pods-newsletter-ios-newsletter-iosUITests.debug.xcconfig */;
			buildSettings = {
				ALWAYS_EMBED_SWIFT_STANDARD_LIBRARIES = YES;
				CODE_SIGN_STYLE = Automatic;
				CURRENT_PROJECT_VERSION = 1;
				GENERATE_INFOPLIST_FILE = YES;
				MARKETING_VERSION = 1.0;
				PRODUCT_BUNDLE_IDENTIFIER = "com.luiszarg.newsletter-iosUITests";
				PRODUCT_NAME = "$(TARGET_NAME)";
				SWIFT_EMIT_LOC_STRINGS = NO;
				SWIFT_VERSION = 5.0;
				TARGETED_DEVICE_FAMILY = "1,2";
				TEST_TARGET_NAME = "newsletter-ios";
			};
			name = Debug;
		};
		D7F715AF2866C0C6005D5527 /* Release */ = {
			isa = XCBuildConfiguration;
			baseConfigurationReference = 8687C54858E967B56AEA2E8A /* Pods-newsletter-ios-newsletter-iosUITests.release.xcconfig */;
			buildSettings = {
				ALWAYS_EMBED_SWIFT_STANDARD_LIBRARIES = YES;
				CODE_SIGN_STYLE = Automatic;
				CURRENT_PROJECT_VERSION = 1;
				GENERATE_INFOPLIST_FILE = YES;
				MARKETING_VERSION = 1.0;
				PRODUCT_BUNDLE_IDENTIFIER = "com.luiszarg.newsletter-iosUITests";
				PRODUCT_NAME = "$(TARGET_NAME)";
				SWIFT_EMIT_LOC_STRINGS = NO;
				SWIFT_VERSION = 5.0;
				TARGETED_DEVICE_FAMILY = "1,2";
				TEST_TARGET_NAME = "newsletter-ios";
			};
			name = Release;
		};
/* End XCBuildConfiguration section */

/* Begin XCConfigurationList section */
		D7F715752866C0C3005D5527 /* Build configuration list for PBXProject "newsletter-ios" */ = {
			isa = XCConfigurationList;
			buildConfigurations = (
				D7F715A52866C0C6005D5527 /* Debug */,
				D7F715A62866C0C6005D5527 /* Release */,
			);
			defaultConfigurationIsVisible = 0;
			defaultConfigurationName = Release;
		};
		D7F715A72866C0C6005D5527 /* Build configuration list for PBXNativeTarget "newsletter-ios" */ = {
			isa = XCConfigurationList;
			buildConfigurations = (
				D7F715A82866C0C6005D5527 /* Debug */,
				D7F715A92866C0C6005D5527 /* Release */,
			);
			defaultConfigurationIsVisible = 0;
			defaultConfigurationName = Release;
		};
		D7F715AA2866C0C6005D5527 /* Build configuration list for PBXNativeTarget "newsletter-iosTests" */ = {
			isa = XCConfigurationList;
			buildConfigurations = (
				D7F715AB2866C0C6005D5527 /* Debug */,
				D7F715AC2866C0C6005D5527 /* Release */,
			);
			defaultConfigurationIsVisible = 0;
			defaultConfigurationName = Release;
		};
		D7F715AD2866C0C6005D5527 /* Build configuration list for PBXNativeTarget "newsletter-iosUITests" */ = {
			isa = XCConfigurationList;
			buildConfigurations = (
				D7F715AE2866C0C6005D5527 /* Debug */,
				D7F715AF2866C0C6005D5527 /* Release */,
			);
			defaultConfigurationIsVisible = 0;
			defaultConfigurationName = Release;
		};
/* End XCConfigurationList section */

/* Begin XCVersionGroup section */
		D7F715862866C0C3005D5527 /* newsletter_ios.xcdatamodeld */ = {
			isa = XCVersionGroup;
			children = (
				D7F715872866C0C3005D5527 /* newsletter_ios.xcdatamodel */,
			);
			currentVersion = D7F715872866C0C3005D5527 /* newsletter_ios.xcdatamodel */;
			path = newsletter_ios.xcdatamodeld;
			sourceTree = "<group>";
			versionGroupType = wrapper.xcdatamodel;
		};
/* End XCVersionGroup section */
	};
	rootObject = D7F715722866C0C3005D5527 /* Project object */;
}
